
Microsoft Visual Studio Solution File, Format Version 12.00
# Visual Studio Version 17
VisualStudioVersion = 17.0.31903.59
MinimumVisualStudioVersion = 10.0.40219.1
Project("{2150E333-8FDC-42A3-9474-1A3956D46DE8}") = "src", "src", "{BAE801A6-474B-4F53-B2C9-AA41541294B2}"
EndProject
Project("{FAE04EC0-301F-11D3-BF4B-00C04F79EFBC}") = "CommandAPI", "src\CommandAPI\CommandAPI.csproj", "{B93CD495-89E4-46F7-B9DB-EAB3BFFE960C}"
EndProject
Project("{2150E333-8FDC-42A3-9474-1A3956D46DE8}") = "test", "test", "{FB3690FE-C6C3-4914-B308-BFA0AA96264D}"
EndProject
Project("{FAE04EC0-301F-11D3-BF4B-00C04F79EFBC}") = "CommandAPI.Tests", "test\CommandAPI.Tests\CommandAPI.Tests.csproj", "{84BC003D-D5DC-4A37-8840-956163EBF17C}"
EndProject
Global
	GlobalSection(SolutionConfigurationPlatforms) = preSolution
		Debug|Any CPU = Debug|Any CPU
		Release|Any CPU = Release|Any CPU
	EndGlobalSection
	GlobalSection(SolutionProperties) = preSolution
		HideSolutionNode = FALSE
	EndGlobalSection
	GlobalSection(ProjectConfigurationPlatforms) = postSolution
		{B93CD495-89E4-46F7-B9DB-EAB3BFFE960C}.Debug|Any CPU.ActiveCfg = Debug|Any CPU
		{B93CD495-89E4-46F7-B9DB-EAB3BFFE960C}.Debug|Any CPU.Build.0 = Debug|Any CPU
		{B93CD495-89E4-46F7-B9DB-EAB3BFFE960C}.Release|Any CPU.ActiveCfg = Release|Any CPU
		{B93CD495-89E4-46F7-B9DB-EAB3BFFE960C}.Release|Any CPU.Build.0 = Release|Any CPU
		{84BC003D-D5DC-4A37-8840-956163EBF17C}.Debug|Any CPU.ActiveCfg = Debug|Any CPU
		{84BC003D-D5DC-4A37-8840-956163EBF17C}.Debug|Any CPU.Build.0 = Debug|Any CPU
		{84BC003D-D5DC-4A37-8840-956163EBF17C}.Release|Any CPU.ActiveCfg = Release|Any CPU
		{84BC003D-D5DC-4A37-8840-956163EBF17C}.Release|Any CPU.Build.0 = Release|Any CPU
	EndGlobalSection
	GlobalSection(NestedProjects) = preSolution
		{B93CD495-89E4-46F7-B9DB-EAB3BFFE960C} = {BAE801A6-474B-4F53-B2C9-AA41541294B2}
		{84BC003D-D5DC-4A37-8840-956163EBF17C} = {FB3690FE-C6C3-4914-B308-BFA0AA96264D}
	EndGlobalSection
EndGlobal
